
Microsoft Visual Studio Solution File, Format Version 12.00
# Visual Studio Version 17
VisualStudioVersion = 17.6.33815.320
MinimumVisualStudioVersion = 10.0.40219.1
Project("{9A19103F-16F7-4668-BE54-9A1E7A4F7556}") = "MovieStore", "Movies\MovieStore.csproj", "{861AE77F-4681-4F25-B39E-34671120B794}"
EndProject
Project("{FAE04EC0-301F-11D3-BF4B-00C04F79EFBC}") = "MoviesStoreApis", "MoviesStoreApis\MoviesStoreApis.csproj", "{43DD717B-55D7-44F1-AA51-9631730FABCB}"
EndProject
Global
	GlobalSection(SolutionConfigurationPlatforms) = preSolution
		Debug|Any CPU = Debug|Any CPU
		Release|Any CPU = Release|Any CPU
	EndGlobalSection
	GlobalSection(ProjectConfigurationPlatforms) = postSolution
		{861AE77F-4681-4F25-B39E-34671120B794}.Debug|Any CPU.ActiveCfg = Debug|Any CPU
		{861AE77F-4681-4F25-B39E-34671120B794}.Debug|Any CPU.Build.0 = Debug|Any CPU
		{861AE77F-4681-4F25-B39E-34671120B794}.Release|Any CPU.ActiveCfg = Release|Any CPU
		{861AE77F-4681-4F25-B39E-34671120B794}.Release|Any CPU.Build.0 = Release|Any CPU
		{43DD717B-55D7-44F1-AA51-9631730FABCB}.Debug|Any CPU.ActiveCfg = Debug|Any CPU
		{43DD717B-55D7-44F1-AA51-9631730FABCB}.Debug|Any CPU.Build.0 = Debug|Any CPU
		{43DD717B-55D7-44F1-AA51-9631730FABCB}.Release|Any CPU.ActiveCfg = Release|Any CPU
		{43DD717B-55D7-44F1-AA51-9631730FABCB}.Release|Any CPU.Build.0 = Release|Any CPU
	EndGlobalSection
	GlobalSection(SolutionProperties) = preSolution
		HideSolutionNode = FALSE
	EndGlobalSection
	GlobalSection(ExtensibilityGlobals) = postSolution
		SolutionGuid = {E1210ADE-DBB6-4E0A-B900-F2F022C85431}
	EndGlobalSection
EndGlobal
